// !$*UTF8*$!
{
	archiveVersion = 1;
	classes = {
	};
	objectVersion = 56;
	objects = {

/* Begin PBXBuildFile section */
		6351C8132C63C01E00B4116B /* PurchaseViewController.swift in Sources */ = {isa = PBXBuildFile; fileRef = 6351C8122C63C01E00B4116B /* PurchaseViewController.swift */; };
		6351C8192C63C06E00B4116B /* PurchaseCategoryViewController.swift in Sources */ = {isa = PBXBuildFile; fileRef = 6351C8182C63C06E00B4116B /* PurchaseCategoryViewController.swift */; };
		6351C81C2C64EDFD00B4116B /* PurchaseObject.swift in Sources */ = {isa = PBXBuildFile; fileRef = 6351C81B2C64EDFD00B4116B /* PurchaseObject.swift */; };
		6351C81F2C651C7B00B4116B /* CategoryInfo.swift in Sources */ = {isa = PBXBuildFile; fileRef = 6351C81E2C651C7B00B4116B /* CategoryInfo.swift */; };
		6351C8212C651ED200B4116B /* HistoryController.swift in Sources */ = {isa = PBXBuildFile; fileRef = 6351C8202C651ED200B4116B /* HistoryController.swift */; };
		6351C8262C651FC400B4116B /* PurchaseTableViewCell.swift in Sources */ = {isa = PBXBuildFile; fileRef = 6351C8242C651FC400B4116B /* PurchaseTableViewCell.swift */; };
		6351C8272C651FC400B4116B /* PurchaseTableViewCell.xib in Resources */ = {isa = PBXBuildFile; fileRef = 6351C8252C651FC400B4116B /* PurchaseTableViewCell.xib */; };
		639DB2852C62352E0086A210 /* HistoryViewController.swift in Sources */ = {isa = PBXBuildFile; fileRef = 639DB2822C62352E0086A210 /* HistoryViewController.swift */; };
		63DB54022C62307500FE34CC /* AppDelegate.swift in Sources */ = {isa = PBXBuildFile; fileRef = 63DB54012C62307500FE34CC /* AppDelegate.swift */; };
		63DB54042C62307500FE34CC /* SceneDelegate.swift in Sources */ = {isa = PBXBuildFile; fileRef = 63DB54032C62307500FE34CC /* SceneDelegate.swift */; };
		63DB54062C62307500FE34CC /* GeneralViewController.swift in Sources */ = {isa = PBXBuildFile; fileRef = 63DB54052C62307500FE34CC /* GeneralViewController.swift */; };
		63DB54092C62307500FE34CC /* Base in Resources */ = {isa = PBXBuildFile; fileRef = 63DB54082C62307500FE34CC /* Base */; };
		63DB540B2C62307700FE34CC /* Assets.xcassets in Resources */ = {isa = PBXBuildFile; fileRef = 63DB540A2C62307700FE34CC /* Assets.xcassets */; };
		63DB540E2C62307700FE34CC /* Base in Resources */ = {isa = PBXBuildFile; fileRef = 63DB540D2C62307700FE34CC /* Base */; };
		63DB54162C62313800FE34CC /* Podfile in Resources */ = {isa = PBXBuildFile; fileRef = 63DB54152C62313800FE34CC /* Podfile */; };
		63DB54242C62341300FE34CC /* SearchViewController.swift in Sources */ = {isa = PBXBuildFile; fileRef = 63DB54232C62341300FE34CC /* SearchViewController.swift */; };
		641FD9B0B1E9FFBF78D4A5E5 /* Pods_PurchaseDiaryApp.framework in Frameworks */ = {isa = PBXBuildFile; fileRef = BF8E9BE76E2B7E22E152B936 /* Pods_PurchaseDiaryApp.framework */; };
/* End PBXBuildFile section */

/* Begin PBXFileReference section */
		6351C8122C63C01E00B4116B /* PurchaseViewController.swift */ = {isa = PBXFileReference; lastKnownFileType = sourcecode.swift; path = PurchaseViewController.swift; sourceTree = "<group>"; };
		6351C8182C63C06E00B4116B /* PurchaseCategoryViewController.swift */ = {isa = PBXFileReference; lastKnownFileType = sourcecode.swift; path = PurchaseCategoryViewController.swift; sourceTree = "<group>"; };
		6351C81B2C64EDFD00B4116B /* PurchaseObject.swift */ = {isa = PBXFileReference; lastKnownFileType = sourcecode.swift; path = PurchaseObject.swift; sourceTree = "<group>"; };
		6351C81E2C651C7B00B4116B /* CategoryInfo.swift */ = {isa = PBXFileReference; lastKnownFileType = sourcecode.swift; path = CategoryInfo.swift; sourceTree = "<group>"; };
		6351C8202C651ED200B4116B /* HistoryController.swift */ = {isa = PBXFileReference; lastKnownFileType = sourcecode.swift; path = HistoryController.swift; sourceTree = "<group>"; };
		6351C8242C651FC400B4116B /* PurchaseTableViewCell.swift */ = {isa = PBXFileReference; lastKnownFileType = sourcecode.swift; path = PurchaseTableViewCell.swift; sourceTree = "<group>"; };
		6351C8252C651FC400B4116B /* PurchaseTableViewCell.xib */ = {isa = PBXFileReference; lastKnownFileType = file.xib; path = PurchaseTableViewCell.xib; sourceTree = "<group>"; };
		639DB2822C62352E0086A210 /* HistoryViewController.swift */ = {isa = PBXFileReference; fileEncoding = 4; lastKnownFileType = sourcecode.swift; path = HistoryViewController.swift; sourceTree = "<group>"; };
		63DB53FE2C62307500FE34CC /* PurchaseDiaryApp.app */ = {isa = PBXFileReference; explicitFileType = wrapper.application; includeInIndex = 0; path = PurchaseDiaryApp.app; sourceTree = BUILT_PRODUCTS_DIR; };
		63DB54012C62307500FE34CC /* AppDelegate.swift */ = {isa = PBXFileReference; lastKnownFileType = sourcecode.swift; path = AppDelegate.swift; sourceTree = "<group>"; };
		63DB54032C62307500FE34CC /* SceneDelegate.swift */ = {isa = PBXFileReference; lastKnownFileType = sourcecode.swift; path = SceneDelegate.swift; sourceTree = "<group>"; };
		63DB54052C62307500FE34CC /* GeneralViewController.swift */ = {isa = PBXFileReference; lastKnownFileType = sourcecode.swift; path = GeneralViewController.swift; sourceTree = "<group>"; };
		63DB54082C62307500FE34CC /* Base */ = {isa = PBXFileReference; lastKnownFileType = file.storyboard; name = Base; path = Base.lproj/Main.storyboard; sourceTree = "<group>"; };
		63DB540A2C62307700FE34CC /* Assets.xcassets */ = {isa = PBXFileReference; lastKnownFileType = folder.assetcatalog; path = Assets.xcassets; sourceTree = "<group>"; };
		63DB540D2C62307700FE34CC /* Base */ = {isa = PBXFileReference; lastKnownFileType = file.storyboard; name = Base; path = Base.lproj/LaunchScreen.storyboard; sourceTree = "<group>"; };
		63DB540F2C62307700FE34CC /* Info.plist */ = {isa = PBXFileReference; lastKnownFileType = text.plist.xml; path = Info.plist; sourceTree = "<group>"; };
		63DB54152C62313800FE34CC /* Podfile */ = {isa = PBXFileReference; fileEncoding = 4; lastKnownFileType = text; path = Podfile; sourceTree = "<group>"; xcLanguageSpecificationIdentifier = xcode.lang.ruby; };
		63DB54232C62341300FE34CC /* SearchViewController.swift */ = {isa = PBXFileReference; lastKnownFileType = sourcecode.swift; path = SearchViewController.swift; sourceTree = "<group>"; };
		896FBA5A8F76794649579B0B /* Pods-PurchaseDiaryApp.release.xcconfig */ = {isa = PBXFileReference; includeInIndex = 1; lastKnownFileType = text.xcconfig; name = "Pods-PurchaseDiaryApp.release.xcconfig"; path = "Target Support Files/Pods-PurchaseDiaryApp/Pods-PurchaseDiaryApp.release.xcconfig"; sourceTree = "<group>"; };
		B0820CED146A9A0833C2F2EF /* Pods-PurchaseDiaryApp.debug.xcconfig */ = {isa = PBXFileReference; includeInIndex = 1; lastKnownFileType = text.xcconfig; name = "Pods-PurchaseDiaryApp.debug.xcconfig"; path = "Target Support Files/Pods-PurchaseDiaryApp/Pods-PurchaseDiaryApp.debug.xcconfig"; sourceTree = "<group>"; };
		BF8E9BE76E2B7E22E152B936 /* Pods_PurchaseDiaryApp.framework */ = {isa = PBXFileReference; explicitFileType = wrapper.framework; includeInIndex = 0; path = Pods_PurchaseDiaryApp.framework; sourceTree = BUILT_PRODUCTS_DIR; };
/* End PBXFileReference section */

/* Begin PBXFrameworksBuildPhase section */
		63DB53FB2C62307500FE34CC /* Frameworks */ = {
			isa = PBXFrameworksBuildPhase;
			buildActionMask = 2147483647;
			files = (
				641FD9B0B1E9FFBF78D4A5E5 /* Pods_PurchaseDiaryApp.framework in Frameworks */,
			);
			runOnlyForDeploymentPostprocessing = 0;
		};
/* End PBXFrameworksBuildPhase section */

/* Begin PBXGroup section */
		6351C80D2C63BFD500B4116B /* PurchaseViewController */ = {
			isa = PBXGroup;
			children = (
				6351C8112C63C00600B4116B /* Model */,
				6351C8102C63C00200B4116B /* View */,
				6351C80F2C63BFFC00B4116B /* Controller */,
			);
			path = PurchaseViewController;
			sourceTree = "<group>";
		};
		6351C80E2C63BFE900B4116B /* PurchaseCategoryViewController */ = {
			isa = PBXGroup;
			children = (
				6351C8162C63C05C00B4116B /* Model */,
				6351C8152C63C04F00B4116B /* View */,
				6351C8142C63C04800B4116B /* Controller */,
			);
			path = PurchaseCategoryViewController;
			sourceTree = "<group>";
		};
		6351C80F2C63BFFC00B4116B /* Controller */ = {
			isa = PBXGroup;
			children = (
			);
			path = Controller;
			sourceTree = "<group>";
		};
		6351C8102C63C00200B4116B /* View */ = {
			isa = PBXGroup;
			children = (
				6351C8122C63C01E00B4116B /* PurchaseViewController.swift */,
			);
			path = View;
			sourceTree = "<group>";
		};
		6351C8112C63C00600B4116B /* Model */ = {
			isa = PBXGroup;
			children = (
			);
			path = Model;
			sourceTree = "<group>";
		};
		6351C8142C63C04800B4116B /* Controller */ = {
			isa = PBXGroup;
			children = (
			);
			path = Controller;
			sourceTree = "<group>";
		};
		6351C8152C63C04F00B4116B /* View */ = {
			isa = PBXGroup;
			children = (
				6351C8182C63C06E00B4116B /* PurchaseCategoryViewController.swift */,
			);
			path = View;
			sourceTree = "<group>";
		};
		6351C8162C63C05C00B4116B /* Model */ = {
			isa = PBXGroup;
			children = (
			);
			path = Model;
			sourceTree = "<group>";
		};
		6351C81A2C64EDED00B4116B /* RealmHelper */ = {
			isa = PBXGroup;
			children = (
				6351C81D2C651C6D00B4116B /* Structs */,
				6351C81B2C64EDFD00B4116B /* PurchaseObject.swift */,
			);
			path = RealmHelper;
			sourceTree = "<group>";
		};
		6351C81D2C651C6D00B4116B /* Structs */ = {
			isa = PBXGroup;
			children = (
				6351C81E2C651C7B00B4116B /* CategoryInfo.swift */,
			);
			path = Structs;
			sourceTree = "<group>";
		};
		6351C8222C651F8C00B4116B /* Cells */ = {
			isa = PBXGroup;
			children = (
				6351C8232C651F9300B4116B /* PurchaseCell */,
			);
			path = Cells;
			sourceTree = "<group>";
		};
		6351C8232C651F9300B4116B /* PurchaseCell */ = {
			isa = PBXGroup;
			children = (
				6351C8242C651FC400B4116B /* PurchaseTableViewCell.swift */,
				6351C8252C651FC400B4116B /* PurchaseTableViewCell.xib */,
			);
			path = PurchaseCell;
			sourceTree = "<group>";
		};
		639DB2832C62352E0086A210 /* View */ = {
			isa = PBXGroup;
			children = (
				639DB2822C62352E0086A210 /* HistoryViewController.swift */,
			);
			path = View;
			sourceTree = "<group>";
		};
		639DB2842C62352E0086A210 /* HistoryViewController */ = {
			isa = PBXGroup;
			children = (
				639DB2862C6235390086A210 /* Model */,
				639DB2832C62352E0086A210 /* View */,
				639DB2872C6235440086A210 /* Controller */,
			);
			path = HistoryViewController;
			sourceTree = "<group>";
		};
		639DB2862C6235390086A210 /* Model */ = {
			isa = PBXGroup;
			children = (
			);
			path = Model;
			sourceTree = "<group>";
		};
		639DB2872C6235440086A210 /* Controller */ = {
			isa = PBXGroup;
			children = (
				6351C8202C651ED200B4116B /* HistoryController.swift */,
			);
			path = Controller;
			sourceTree = "<group>";
		};
		63DB53F52C62307500FE34CC = {
			isa = PBXGroup;
			children = (
				63DB54152C62313800FE34CC /* Podfile */,
				63DB54002C62307500FE34CC /* PurchaseDiaryApp */,
				63DB53FF2C62307500FE34CC /* Products */,
				EFFDC004606670B87B969E32 /* Pods */,
				7C3EAE4217DE2C1DC4F1EAAA /* Frameworks */,
			);
			sourceTree = "<group>";
		};
		63DB53FF2C62307500FE34CC /* Products */ = {
			isa = PBXGroup;
			children = (
				63DB53FE2C62307500FE34CC /* PurchaseDiaryApp.app */,
			);
			name = Products;
			sourceTree = "<group>";
		};
		63DB54002C62307500FE34CC /* PurchaseDiaryApp */ = {
			isa = PBXGroup;
			children = (
				6351C8222C651F8C00B4116B /* Cells */,
				63DB54172C62327000FE34CC /* Model */,
				63DB54182C62327400FE34CC /* View */,
				63DB54192C62327A00FE34CC /* Controller */,
				63DB54012C62307500FE34CC /* AppDelegate.swift */,
				63DB54032C62307500FE34CC /* SceneDelegate.swift */,
				63DB540A2C62307700FE34CC /* Assets.xcassets */,
				63DB540F2C62307700FE34CC /* Info.plist */,
			);
			path = PurchaseDiaryApp;
			sourceTree = "<group>";
		};
		63DB54172C62327000FE34CC /* Model */ = {
			isa = PBXGroup;
			children = (
				6351C80E2C63BFE900B4116B /* PurchaseCategoryViewController */,
				6351C80D2C63BFD500B4116B /* PurchaseViewController */,
				63DB541A2C6232E400FE34CC /* GeneralViewController */,
				63DB541E2C62336000FE34CC /* SearchViewController */,
				639DB2842C62352E0086A210 /* HistoryViewController */,
			);
			path = Model;
			sourceTree = "<group>";
		};
		63DB54182C62327400FE34CC /* View */ = {
			isa = PBXGroup;
			children = (
				63DB54072C62307500FE34CC /* Main.storyboard */,
				63DB540C2C62307700FE34CC /* LaunchScreen.storyboard */,
			);
			path = View;
			sourceTree = "<group>";
		};
		63DB54192C62327A00FE34CC /* Controller */ = {
			isa = PBXGroup;
			children = (
				6351C81A2C64EDED00B4116B /* RealmHelper */,
			);
			path = Controller;
			sourceTree = "<group>";
		};
		63DB541A2C6232E400FE34CC /* GeneralViewController */ = {
			isa = PBXGroup;
			children = (
				63DB541D2C62330300FE34CC /* Model */,
				63DB541C2C6232F800FE34CC /* View */,
				63DB541B2C6232F000FE34CC /* Controller */,
			);
			path = GeneralViewController;
			sourceTree = "<group>";
		};
		63DB541B2C6232F000FE34CC /* Controller */ = {
			isa = PBXGroup;
			children = (
			);
			path = Controller;
			sourceTree = "<group>";
		};
		63DB541C2C6232F800FE34CC /* View */ = {
			isa = PBXGroup;
			children = (
				63DB54052C62307500FE34CC /* GeneralViewController.swift */,
			);
			path = View;
			sourceTree = "<group>";
		};
		63DB541D2C62330300FE34CC /* Model */ = {
			isa = PBXGroup;
			children = (
			);
			path = Model;
			sourceTree = "<group>";
		};
		63DB541E2C62336000FE34CC /* SearchViewController */ = {
			isa = PBXGroup;
			children = (
				63DB54222C6233F500FE34CC /* Model */,
				63DB54212C6233F100FE34CC /* View */,
				63DB54202C6233E000FE34CC /* Controller */,
			);
			path = SearchViewController;
			sourceTree = "<group>";
		};
		63DB54202C6233E000FE34CC /* Controller */ = {
			isa = PBXGroup;
			children = (
			);
			path = Controller;
			sourceTree = "<group>";
		};
		63DB54212C6233F100FE34CC /* View */ = {
			isa = PBXGroup;
			children = (
				63DB54232C62341300FE34CC /* SearchViewController.swift */,
			);
			path = View;
			sourceTree = "<group>";
		};
		63DB54222C6233F500FE34CC /* Model */ = {
			isa = PBXGroup;
			children = (
			);
			path = Model;
			sourceTree = "<group>";
		};
		7C3EAE4217DE2C1DC4F1EAAA /* Frameworks */ = {
			isa = PBXGroup;
			children = (
				BF8E9BE76E2B7E22E152B936 /* Pods_PurchaseDiaryApp.framework */,
			);
			name = Frameworks;
			sourceTree = "<group>";
		};
		EFFDC004606670B87B969E32 /* Pods */ = {
			isa = PBXGroup;
			children = (
				B0820CED146A9A0833C2F2EF /* Pods-PurchaseDiaryApp.debug.xcconfig */,
				896FBA5A8F76794649579B0B /* Pods-PurchaseDiaryApp.release.xcconfig */,
			);
			path = Pods;
			sourceTree = "<group>";
		};
/* End PBXGroup section */

/* Begin PBXNativeTarget section */
		63DB53FD2C62307500FE34CC /* PurchaseDiaryApp */ = {
			isa = PBXNativeTarget;
			buildConfigurationList = 63DB54122C62307700FE34CC /* Build configuration list for PBXNativeTarget "PurchaseDiaryApp" */;
			buildPhases = (
				27B84C3EFA00C8DB6BDDC43A /* [CP] Check Pods Manifest.lock */,
				63DB53FA2C62307500FE34CC /* Sources */,
				63DB53FB2C62307500FE34CC /* Frameworks */,
				63DB53FC2C62307500FE34CC /* Resources */,
				B70C4E273BEAAB8F039C553B /* [CP] Embed Pods Frameworks */,
			);
			buildRules = (
			);
			dependencies = (
			);
			name = PurchaseDiaryApp;
			productName = PurchaseDiaryApp;
			productReference = 63DB53FE2C62307500FE34CC /* PurchaseDiaryApp.app */;
			productType = "com.apple.product-type.application";
		};
/* End PBXNativeTarget section */

/* Begin PBXProject section */
		63DB53F62C62307500FE34CC /* Project object */ = {
			isa = PBXProject;
			attributes = {
				BuildIndependentTargetsInParallel = 1;
				LastSwiftUpdateCheck = 1530;
				LastUpgradeCheck = 1530;
				TargetAttributes = {
					63DB53FD2C62307500FE34CC = {
						CreatedOnToolsVersion = 15.3;
					};
				};
			};
			buildConfigurationList = 63DB53F92C62307500FE34CC /* Build configuration list for PBXProject "PurchaseDiaryApp" */;
			compatibilityVersion = "Xcode 14.0";
			developmentRegion = en;
			hasScannedForEncodings = 0;
			knownRegions = (
				en,
				Base,
			);
			mainGroup = 63DB53F52C62307500FE34CC;
			productRefGroup = 63DB53FF2C62307500FE34CC /* Products */;
			projectDirPath = "";
			projectRoot = "";
			targets = (
				63DB53FD2C62307500FE34CC /* PurchaseDiaryApp */,
			);
		};
/* End PBXProject section */

/* Begin PBXResourcesBuildPhase section */
		63DB53FC2C62307500FE34CC /* Resources */ = {
			isa = PBXResourcesBuildPhase;
			buildActionMask = 2147483647;
			files = (
				63DB540B2C62307700FE34CC /* Assets.xcassets in Resources */,
				63DB540E2C62307700FE34CC /* Base in Resources */,
				63DB54162C62313800FE34CC /* Podfile in Resources */,
				6351C8272C651FC400B4116B /* PurchaseTableViewCell.xib in Resources */,
				63DB54092C62307500FE34CC /* Base in Resources */,
			);
			runOnlyForDeploymentPostprocessing = 0;
		};
/* End PBXResourcesBuildPhase section */

/* Begin PBXShellScriptBuildPhase section */
		27B84C3EFA00C8DB6BDDC43A /* [CP] Check Pods Manifest.lock */ = {
			isa = PBXShellScriptBuildPhase;
			buildActionMask = 2147483647;
			files = (
			);
			inputFileListPaths = (
			);
			inputPaths = (
				"${PODS_PODFILE_DIR_PATH}/Podfile.lock",
				"${PODS_ROOT}/Manifest.lock",
			);
			name = "[CP] Check Pods Manifest.lock";
			outputFileListPaths = (
			);
			outputPaths = (
				"$(DERIVED_FILE_DIR)/Pods-PurchaseDiaryApp-checkManifestLockResult.txt",
			);
			runOnlyForDeploymentPostprocessing = 0;
			shellPath = /bin/sh;
			shellScript = "diff \"${PODS_PODFILE_DIR_PATH}/Podfile.lock\" \"${PODS_ROOT}/Manifest.lock\" > /dev/null\nif [ $? != 0 ] ; then\n    # print error to STDERR\n    echo \"error: The sandbox is not in sync with the Podfile.lock. Run 'pod install' or update your CocoaPods installation.\" >&2\n    exit 1\nfi\n# This output is used by Xcode 'outputs' to avoid re-running this script phase.\necho \"SUCCESS\" > \"${SCRIPT_OUTPUT_FILE_0}\"\n";
			showEnvVarsInLog = 0;
		};
		B70C4E273BEAAB8F039C553B /* [CP] Embed Pods Frameworks */ = {
			isa = PBXShellScriptBuildPhase;
			buildActionMask = 2147483647;
			files = (
			);
			inputFileListPaths = (
				"${PODS_ROOT}/Target Support Files/Pods-PurchaseDiaryApp/Pods-PurchaseDiaryApp-frameworks-${CONFIGURATION}-input-files.xcfilelist",
			);
			name = "[CP] Embed Pods Frameworks";
			outputFileListPaths = (
				"${PODS_ROOT}/Target Support Files/Pods-PurchaseDiaryApp/Pods-PurchaseDiaryApp-frameworks-${CONFIGURATION}-output-files.xcfilelist",
			);
			runOnlyForDeploymentPostprocessing = 0;
			shellPath = /bin/sh;
			shellScript = "\"${PODS_ROOT}/Target Support Files/Pods-PurchaseDiaryApp/Pods-PurchaseDiaryApp-frameworks.sh\"\n";
			showEnvVarsInLog = 0;
		};
/* End PBXShellScriptBuildPhase section */

/* Begin PBXSourcesBuildPhase section */
		63DB53FA2C62307500FE34CC /* Sources */ = {
			isa = PBXSourcesBuildPhase;
			buildActionMask = 2147483647;
			files = (
				6351C8212C651ED200B4116B /* HistoryController.swift in Sources */,
				63DB54062C62307500FE34CC /* GeneralViewController.swift in Sources */,
				63DB54022C62307500FE34CC /* AppDelegate.swift in Sources */,
				63DB54242C62341300FE34CC /* SearchViewController.swift in Sources */,
				6351C8192C63C06E00B4116B /* PurchaseCategoryViewController.swift in Sources */,
				6351C8262C651FC400B4116B /* PurchaseTableViewCell.swift in Sources */,
				639DB2852C62352E0086A210 /* HistoryViewController.swift in Sources */,
				6351C81F2C651C7B00B4116B /* CategoryInfo.swift in Sources */,
				6351C81C2C64EDFD00B4116B /* PurchaseObject.swift in Sources */,
				63DB54042C62307500FE34CC /* SceneDelegate.swift in Sources */,
				6351C8132C63C01E00B4116B /* PurchaseViewController.swift in Sources */,
			);
			runOnlyForDeploymentPostprocessing = 0;
		};
/* End PBXSourcesBuildPhase section */

/* Begin PBXVariantGroup section */
		63DB54072C62307500FE34CC /* Main.storyboard */ = {
			isa = PBXVariantGroup;
			children = (
				63DB54082C62307500FE34CC /* Base */,
			);
			name = Main.storyboard;
			sourceTree = "<group>";
		};
		63DB540C2C62307700FE34CC /* LaunchScreen.storyboard */ = {
			isa = PBXVariantGroup;
			children = (
				63DB540D2C62307700FE34CC /* Base */,
			);
			name = LaunchScreen.storyboard;
			sourceTree = "<group>";
		};
/* End PBXVariantGroup section */

/* Begin XCBuildConfiguration section */
		63DB54102C62307700FE34CC /* Debug */ = {
			isa = XCBuildConfiguration;
			buildSettings = {
				ALWAYS_SEARCH_USER_PATHS = NO;
				ASSETCATALOG_COMPILER_GENERATE_SWIFT_ASSET_SYMBOL_EXTENSIONS = YES;
				CLANG_ANALYZER_NONNULL = YES;
				CLANG_ANALYZER_NUMBER_OBJECT_CONVERSION = YES_AGGRESSIVE;
				CLANG_CXX_LANGUAGE_STANDARD = "gnu++20";
				CLANG_ENABLE_MODULES = YES;
				CLANG_ENABLE_OBJC_ARC = YES;
				CLANG_ENABLE_OBJC_WEAK = YES;
				CLANG_WARN_BLOCK_CAPTURE_AUTORELEASING = YES;
				CLANG_WARN_BOOL_CONVERSION = YES;
				CLANG_WARN_COMMA = YES;
				CLANG_WARN_CONSTANT_CONVERSION = YES;
				CLANG_WARN_DEPRECATED_OBJC_IMPLEMENTATIONS = YES;
				CLANG_WARN_DIRECT_OBJC_ISA_USAGE = YES_ERROR;
				CLANG_WARN_DOCUMENTATION_COMMENTS = YES;
				CLANG_WARN_EMPTY_BODY = YES;
				CLANG_WARN_ENUM_CONVERSION = YES;
				CLANG_WARN_INFINITE_RECURSION = YES;
				CLANG_WARN_INT_CONVERSION = YES;
				CLANG_WARN_NON_LITERAL_NULL_CONVERSION = YES;
				CLANG_WARN_OBJC_IMPLICIT_RETAIN_SELF = YES;
				CLANG_WARN_OBJC_LITERAL_CONVERSION = YES;
				CLANG_WARN_OBJC_ROOT_CLASS = YES_ERROR;
				CLANG_WARN_QUOTED_INCLUDE_IN_FRAMEWORK_HEADER = YES;
				CLANG_WARN_RANGE_LOOP_ANALYSIS = YES;
				CLANG_WARN_STRICT_PROTOTYPES = YES;
				CLANG_WARN_SUSPICIOUS_MOVE = YES;
				CLANG_WARN_UNGUARDED_AVAILABILITY = YES_AGGRESSIVE;
				CLANG_WARN_UNREACHABLE_CODE = YES;
				CLANG_WARN__DUPLICATE_METHOD_MATCH = YES;
				COPY_PHASE_STRIP = NO;
				DEBUG_INFORMATION_FORMAT = dwarf;
				ENABLE_STRICT_OBJC_MSGSEND = YES;
				ENABLE_TESTABILITY = YES;
				ENABLE_USER_SCRIPT_SANDBOXING = YES;
				GCC_C_LANGUAGE_STANDARD = gnu17;
				GCC_DYNAMIC_NO_PIC = NO;
				GCC_NO_COMMON_BLOCKS = YES;
				GCC_OPTIMIZATION_LEVEL = 0;
				GCC_PREPROCESSOR_DEFINITIONS = (
					"DEBUG=1",
					"$(inherited)",
				);
				GCC_WARN_64_TO_32_BIT_CONVERSION = YES;
				GCC_WARN_ABOUT_RETURN_TYPE = YES_ERROR;
				GCC_WARN_UNDECLARED_SELECTOR = YES;
				GCC_WARN_UNINITIALIZED_AUTOS = YES_AGGRESSIVE;
				GCC_WARN_UNUSED_FUNCTION = YES;
				GCC_WARN_UNUSED_VARIABLE = YES;
				IPHONEOS_DEPLOYMENT_TARGET = 17.4;
				LOCALIZATION_PREFERS_STRING_CATALOGS = YES;
				MTL_ENABLE_DEBUG_INFO = INCLUDE_SOURCE;
				MTL_FAST_MATH = YES;
				ONLY_ACTIVE_ARCH = YES;
				SDKROOT = iphoneos;
				SWIFT_ACTIVE_COMPILATION_CONDITIONS = "DEBUG $(inherited)";
				SWIFT_OPTIMIZATION_LEVEL = "-Onone";
			};
			name = Debug;
		};
		63DB54112C62307700FE34CC /* Release */ = {
			isa = XCBuildConfiguration;
			buildSettings = {
				ALWAYS_SEARCH_USER_PATHS = NO;
				ASSETCATALOG_COMPILER_GENERATE_SWIFT_ASSET_SYMBOL_EXTENSIONS = YES;
				CLANG_ANALYZER_NONNULL = YES;
				CLANG_ANALYZER_NUMBER_OBJECT_CONVERSION = YES_AGGRESSIVE;
				CLANG_CXX_LANGUAGE_STANDARD = "gnu++20";
				CLANG_ENABLE_MODULES = YES;
				CLANG_ENABLE_OBJC_ARC = YES;
				CLANG_ENABLE_OBJC_WEAK = YES;
				CLANG_WARN_BLOCK_CAPTURE_AUTORELEASING = YES;
				CLANG_WARN_BOOL_CONVERSION = YES;
				CLANG_WARN_COMMA = YES;
				CLANG_WARN_CONSTANT_CONVERSION = YES;
				CLANG_WARN_DEPRECATED_OBJC_IMPLEMENTATIONS = YES;
				CLANG_WARN_DIRECT_OBJC_ISA_USAGE = YES_ERROR;
				CLANG_WARN_DOCUMENTATION_COMMENTS = YES;
				CLANG_WARN_EMPTY_BODY = YES;
				CLANG_WARN_ENUM_CONVERSION = YES;
				CLANG_WARN_INFINITE_RECURSION = YES;
				CLANG_WARN_INT_CONVERSION = YES;
				CLANG_WARN_NON_LITERAL_NULL_CONVERSION = YES;
				CLANG_WARN_OBJC_IMPLICIT_RETAIN_SELF = YES;
				CLANG_WARN_OBJC_LITERAL_CONVERSION = YES;
				CLANG_WARN_OBJC_ROOT_CLASS = YES_ERROR;
				CLANG_WARN_QUOTED_INCLUDE_IN_FRAMEWORK_HEADER = YES;
				CLANG_WARN_RANGE_LOOP_ANALYSIS = YES;
				CLANG_WARN_STRICT_PROTOTYPES = YES;
				CLANG_WARN_SUSPICIOUS_MOVE = YES;
				CLANG_WARN_UNGUARDED_AVAILABILITY = YES_AGGRESSIVE;
				CLANG_WARN_UNREACHABLE_CODE = YES;
				CLANG_WARN__DUPLICATE_METHOD_MATCH = YES;
				COPY_PHASE_STRIP = NO;
				DEBUG_INFORMATION_FORMAT = "dwarf-with-dsym";
				ENABLE_NS_ASSERTIONS = NO;
				ENABLE_STRICT_OBJC_MSGSEND = YES;
				ENABLE_USER_SCRIPT_SANDBOXING = YES;
				GCC_C_LANGUAGE_STANDARD = gnu17;
				GCC_NO_COMMON_BLOCKS = YES;
				GCC_WARN_64_TO_32_BIT_CONVERSION = YES;
				GCC_WARN_ABOUT_RETURN_TYPE = YES_ERROR;
				GCC_WARN_UNDECLARED_SELECTOR = YES;
				GCC_WARN_UNINITIALIZED_AUTOS = YES_AGGRESSIVE;
				GCC_WARN_UNUSED_FUNCTION = YES;
				GCC_WARN_UNUSED_VARIABLE = YES;
				IPHONEOS_DEPLOYMENT_TARGET = 17.4;
				LOCALIZATION_PREFERS_STRING_CATALOGS = YES;
				MTL_ENABLE_DEBUG_INFO = NO;
				MTL_FAST_MATH = YES;
				SDKROOT = iphoneos;
				SWIFT_COMPILATION_MODE = wholemodule;
				VALIDATE_PRODUCT = YES;
			};
			name = Release;
		};
		63DB54132C62307700FE34CC /* Debug */ = {
			isa = XCBuildConfiguration;
			baseConfigurationReference = B0820CED146A9A0833C2F2EF /* Pods-PurchaseDiaryApp.debug.xcconfig */;
			buildSettings = {
				ASSETCATALOG_COMPILER_APPICON_NAME = AppIcon;
				ASSETCATALOG_COMPILER_GLOBAL_ACCENT_COLOR_NAME = AccentColor;
				CODE_SIGN_STYLE = Automatic;
				CURRENT_PROJECT_VERSION = 1;
				DEVELOPMENT_TEAM = 43JJRWSTM6;
				ENABLE_USER_SCRIPT_SANDBOXING = NO;
				GENERATE_INFOPLIST_FILE = YES;
				INFOPLIST_FILE = PurchaseDiaryApp/Info.plist;
				INFOPLIST_KEY_NSFaceIDUsageDescription = "";
				INFOPLIST_KEY_UIApplicationSupportsIndirectInputEvents = YES;
				INFOPLIST_KEY_UILaunchStoryboardName = LaunchScreen;
				INFOPLIST_KEY_UIMainStoryboardFile = Main;
				INFOPLIST_KEY_UISupportedInterfaceOrientations_iPad = "UIInterfaceOrientationPortrait UIInterfaceOrientationPortraitUpsideDown UIInterfaceOrientationLandscapeLeft UIInterfaceOrientationLandscapeRight";
				INFOPLIST_KEY_UISupportedInterfaceOrientations_iPhone = "UIInterfaceOrientationPortrait UIInterfaceOrientationLandscapeLeft UIInterfaceOrientationLandscapeRight";
				LD_RUNPATH_SEARCH_PATHS = (
					"$(inherited)",
					"@executable_path/Frameworks",
				);
				MARKETING_VERSION = 1.0;
				PRODUCT_BUNDLE_IDENTIFIER = IvanPashchenko.PurchaseDiaryApp;
				PRODUCT_NAME = "$(TARGET_NAME)";
				SWIFT_EMIT_LOC_STRINGS = YES;
				SWIFT_VERSION = 5.0;
				TARGETED_DEVICE_FAMILY = "1,2";
			};
			name = Debug;
		};
		63DB54142C62307700FE34CC /* Release */ = {
			isa = XCBuildConfiguration;
			baseConfigurationReference = 896FBA5A8F76794649579B0B /* Pods-PurchaseDiaryApp.release.xcconfig */;
			buildSettings = {
				ASSETCATALOG_COMPILER_APPICON_NAME = AppIcon;
				ASSETCATALOG_COMPILER_GLOBAL_ACCENT_COLOR_NAME = AccentColor;
				CODE_SIGN_STYLE = Automatic;
				CURRENT_PROJECT_VERSION = 1;
				DEVELOPMENT_TEAM = 43JJRWSTM6;
				ENABLE_USER_SCRIPT_SANDBOXING = NO;
				GENERATE_INFOPLIST_FILE = YES;
				INFOPLIST_FILE = PurchaseDiaryApp/Info.plist;
				INFOPLIST_KEY_NSFaceIDUsageDescription = "";
				INFOPLIST_KEY_UIApplicationSupportsIndirectInputEvents = YES;
				INFOPLIST_KEY_UILaunchStoryboardName = LaunchScreen;
				INFOPLIST_KEY_UIMainStoryboardFile = Main;
				INFOPLIST_KEY_UISupportedInterfaceOrientations_iPad = "UIInterfaceOrientationPortrait UIInterfaceOrientationPortraitUpsideDown UIInterfaceOrientationLandscapeLeft UIInterfaceOrientationLandscapeRight";
				INFOPLIST_KEY_UISupportedInterfaceOrientations_iPhone = "UIInterfaceOrientationPortrait UIInterfaceOrientationLandscapeLeft UIInterfaceOrientationLandscapeRight";
				LD_RUNPATH_SEARCH_PATHS = (
					"$(inherited)",
					"@executable_path/Frameworks",
				);
				MARKETING_VERSION = 1.0;
				PRODUCT_BUNDLE_IDENTIFIER = IvanPashchenko.PurchaseDiaryApp;
				PRODUCT_NAME = "$(TARGET_NAME)";
				SWIFT_EMIT_LOC_STRINGS = YES;
				SWIFT_VERSION = 5.0;
				TARGETED_DEVICE_FAMILY = "1,2";
			};
			name = Release;
		};
/* End XCBuildConfiguration section */

/* Begin XCConfigurationList section */
		63DB53F92C62307500FE34CC /* Build configuration list for PBXProject "PurchaseDiaryApp" */ = {
			isa = XCConfigurationList;
			buildConfigurations = (
				63DB54102C62307700FE34CC /* Debug */,
				63DB54112C62307700FE34CC /* Release */,
			);
			defaultConfigurationIsVisible = 0;
			defaultConfigurationName = Release;
		};
		63DB54122C62307700FE34CC /* Build configuration list for PBXNativeTarget "PurchaseDiaryApp" */ = {
			isa = XCConfigurationList;
			buildConfigurations = (
				63DB54132C62307700FE34CC /* Debug */,
				63DB54142C62307700FE34CC /* Release */,
			);
			defaultConfigurationIsVisible = 0;
			defaultConfigurationName = Release;
		};
/* End XCConfigurationList section */
	};
	rootObject = 63DB53F62C62307500FE34CC /* Project object */;
}
